// !$*UTF8*$!
{
	archiveVersion = 1;
	classes = {
	};
	objectVersion = 46;
	objects = {

/* Begin PBXBuildFile section */
		93927C444DC4DB3C76DC00E1 /* Pods.framework in Frameworks */ = {isa = PBXBuildFile; fileRef = A08E62EC16050431421622D9 /* Pods.framework */; };
		B13E63921BEB2CF40002A13B /* GDStatusForwardCell.swift in Sources */ = {isa = PBXBuildFile; fileRef = B13E63911BEB2CF40002A13B /* GDStatusForwardCell.swift */; settings = {ASSET_TAGS = (); }; };
		B14DB11B1BE0312700580B5E /* AppDelegate.swift in Sources */ = {isa = PBXBuildFile; fileRef = B14DB11A1BE0312700580B5E /* AppDelegate.swift */; };
		B14DB1221BE0312700580B5E /* Assets.xcassets in Resources */ = {isa = PBXBuildFile; fileRef = B14DB1211BE0312700580B5E /* Assets.xcassets */; };
		B14DB1471BE0685E00580B5E /* GDMainViewController.swift in Sources */ = {isa = PBXBuildFile; fileRef = B14DB1461BE0685E00580B5E /* GDMainViewController.swift */; settings = {ASSET_TAGS = (); }; };
		B14DB1491BE0694200580B5E /* GDDiscoverViewController.swift in Sources */ = {isa = PBXBuildFile; fileRef = B14DB1481BE0694200580B5E /* GDDiscoverViewController.swift */; settings = {ASSET_TAGS = (); }; };
		B14DB14B1BE0695500580B5E /* GDHomeViewController.swift in Sources */ = {isa = PBXBuildFile; fileRef = B14DB14A1BE0695500580B5E /* GDHomeViewController.swift */; settings = {ASSET_TAGS = (); }; };
		B14DB14D1BE0696F00580B5E /* GDMessageViewController.swift in Sources */ = {isa = PBXBuildFile; fileRef = B14DB14C1BE0696F00580B5E /* GDMessageViewController.swift */; settings = {ASSET_TAGS = (); }; };
		B14DB14F1BE0698700580B5E /* GDProfileViewController.swift in Sources */ = {isa = PBXBuildFile; fileRef = B14DB14E1BE0698700580B5E /* GDProfileViewController.swift */; settings = {ASSET_TAGS = (); }; };
		B14DB1511BE07A7900580B5E /* GDMainTabBar.swift in Sources */ = {isa = PBXBuildFile; fileRef = B14DB1501BE07A7900580B5E /* GDMainTabBar.swift */; settings = {ASSET_TAGS = (); }; };
		B173D6741BE607DA00F4C135 /* GDWelcomeViewController.swift in Sources */ = {isa = PBXBuildFile; fileRef = B173D6731BE607DA00F4C135 /* GDWelcomeViewController.swift */; settings = {ASSET_TAGS = (); }; };
		B1747E381BE924D50066EF5A /* UIBarButtonItem+Extension.swift in Sources */ = {isa = PBXBuildFile; fileRef = B1747E371BE924D50066EF5A /* UIBarButtonItem+Extension.swift */; settings = {ASSET_TAGS = (); }; };
		B1747E3A1BE92AC50066EF5A /* GDHomeTitleButton.swift in Sources */ = {isa = PBXBuildFile; fileRef = B1747E391BE92AC50066EF5A /* GDHomeTitleButton.swift */; settings = {ASSET_TAGS = (); }; };
		B1747E3C1BE94E6B0066EF5A /* UIView+AutoLayout.swift in Sources */ = {isa = PBXBuildFile; fileRef = B1747E3B1BE94E6B0066EF5A /* UIView+AutoLayout.swift */; settings = {ASSET_TAGS = (); }; };
		B1747E3E1BE979FD0066EF5A /* GDStatus.swift in Sources */ = {isa = PBXBuildFile; fileRef = B1747E3D1BE979FD0066EF5A /* GDStatus.swift */; settings = {ASSET_TAGS = (); }; };
		B1747E401BE9B7300066EF5A /* GDUser.swift in Sources */ = {isa = PBXBuildFile; fileRef = B1747E3F1BE9B7300066EF5A /* GDUser.swift */; settings = {ASSET_TAGS = (); }; };
		B1747E421BE9C7970066EF5A /* GDStatusTopView.swift in Sources */ = {isa = PBXBuildFile; fileRef = B1747E411BE9C7970066EF5A /* GDStatusTopView.swift */; settings = {ASSET_TAGS = (); }; };
		B1747E451BE9C8C10066EF5A /* GDStatusCell.swift in Sources */ = {isa = PBXBuildFile; fileRef = B1747E441BE9C8C10066EF5A /* GDStatusCell.swift */; settings = {ASSET_TAGS = (); }; };
		B1747E471BE9D28D0066EF5A /* UILabel+Extension.swift in Sources */ = {isa = PBXBuildFile; fileRef = B1747E461BE9D28D0066EF5A /* UILabel+Extension.swift */; settings = {ASSET_TAGS = (); }; };
		B17C01701BEA6DA600F9E016 /* GDStatusPictureView.swift in Sources */ = {isa = PBXBuildFile; fileRef = B17C016F1BEA6DA600F9E016 /* GDStatusPictureView.swift */; settings = {ASSET_TAGS = (); }; };
		B19A41871BED8BDD003238E2 /* GDComposeViewController.swift in Sources */ = {isa = PBXBuildFile; fileRef = B19A41861BED8BDD003238E2 /* GDComposeViewController.swift */; settings = {ASSET_TAGS = (); }; };
		B1AAAB0A1BE3DB4A0080EF40 /* GDOauthViewController.swift in Sources */ = {isa = PBXBuildFile; fileRef = B1AAAB091BE3DB4A0080EF40 /* GDOauthViewController.swift */; settings = {ASSET_TAGS = (); }; };
		B1AAAB0C1BE40A350080EF40 /* GDNetworkTools.swift in Sources */ = {isa = PBXBuildFile; fileRef = B1AAAB0B1BE40A350080EF40 /* GDNetworkTools.swift */; settings = {ASSET_TAGS = (); }; };
		B1CE09AB1BE0890E009A6687 /* GDBasicViewController.swift in Sources */ = {isa = PBXBuildFile; fileRef = B1CE09AA1BE0890E009A6687 /* GDBasicViewController.swift */; settings = {ASSET_TAGS = (); }; };
		B1CE09AD1BE08B06009A6687 /* GDVisitorView.swift in Sources */ = {isa = PBXBuildFile; fileRef = B1CE09AC1BE08B06009A6687 /* GDVisitorView.swift */; settings = {ASSET_TAGS = (); }; };
		B1E6D0AC1BEB436000DED026 /* GDStatusNormaCell.swift in Sources */ = {isa = PBXBuildFile; fileRef = B1E6D0AB1BEB436000DED026 /* GDStatusNormaCell.swift */; settings = {ASSET_TAGS = (); }; };
		B1EA03351BE58E5500235F34 /* GDUserAccount.swift in Sources */ = {isa = PBXBuildFile; fileRef = B1EA03341BE58E5500235F34 /* GDUserAccount.swift */; settings = {ASSET_TAGS = (); }; };
		B1EC344F1BEC513B00BED8DC /* statuses.json in Resources */ = {isa = PBXBuildFile; fileRef = B1EC344E1BEC513B00BED8DC /* statuses.json */; settings = {ASSET_TAGS = (); }; };
		B1EC34521BEC54EB00BED8DC /* GDRefreshControl.swift in Sources */ = {isa = PBXBuildFile; fileRef = B1EC34511BEC54EB00BED8DC /* GDRefreshControl.swift */; settings = {ASSET_TAGS = (); }; };
		B1EC34541BEC551300BED8DC /* GDRefreshView.xib in Resources */ = {isa = PBXBuildFile; fileRef = B1EC34531BEC551300BED8DC /* GDRefreshView.xib */; settings = {ASSET_TAGS = (); }; };
		B1F48E3A1BEA04F400DFE559 /* GDStatusBottomView.swift in Sources */ = {isa = PBXBuildFile; fileRef = B1F48E391BEA04F400DFE559 /* GDStatusBottomView.swift */; settings = {ASSET_TAGS = (); }; };
		B1F48E3C1BEA061B00DFE559 /* UIButton+Extension.swift in Sources */ = {isa = PBXBuildFile; fileRef = B1F48E3B1BEA061B00DFE559 /* UIButton+Extension.swift */; settings = {ASSET_TAGS = (); }; };
		B1F983811BEDD46500888062 /* GDPlaceHolderTextView.swift in Sources */ = {isa = PBXBuildFile; fileRef = B1F983801BEDD46500888062 /* GDPlaceHolderTextView.swift */; settings = {ASSET_TAGS = (); }; };
		B1F9C98B1BE66171000AC1E4 /* GDNewFeatureViewController.swift in Sources */ = {isa = PBXBuildFile; fileRef = B1F9C98A1BE66171000AC1E4 /* GDNewFeatureViewController.swift */; settings = {ASSET_TAGS = (); }; };
/* End PBXBuildFile section */

/* Begin PBXFileReference section */
		30C0BB565F65916E22C50C8E /* Pods.debug.xcconfig */ = {isa = PBXFileReference; includeInIndex = 1; lastKnownFileType = text.xcconfig; name = Pods.debug.xcconfig; path = "Pods/Target Support Files/Pods/Pods.debug.xcconfig"; sourceTree = "<group>"; };
		A08E62EC16050431421622D9 /* Pods.framework */ = {isa = PBXFileReference; explicitFileType = wrapper.framework; includeInIndex = 0; path = Pods.framework; sourceTree = BUILT_PRODUCTS_DIR; };
		B13E63911BEB2CF40002A13B /* GDStatusForwardCell.swift */ = {isa = PBXFileReference; fileEncoding = 4; lastKnownFileType = sourcecode.swift; path = GDStatusForwardCell.swift; sourceTree = "<group>"; };
		B14DB1171BE0312700580B5E /* GDWeibo.app */ = {isa = PBXFileReference; explicitFileType = wrapper.application; includeInIndex = 0; path = GDWeibo.app; sourceTree = BUILT_PRODUCTS_DIR; };
		B14DB11A1BE0312700580B5E /* AppDelegate.swift */ = {isa = PBXFileReference; lastKnownFileType = sourcecode.swift; path = AppDelegate.swift; sourceTree = "<group>"; };
		B14DB1211BE0312700580B5E /* Assets.xcassets */ = {isa = PBXFileReference; lastKnownFileType = folder.assetcatalog; path = Assets.xcassets; sourceTree = "<group>"; };
		B14DB1261BE0312700580B5E /* Info.plist */ = {isa = PBXFileReference; lastKnownFileType = text.plist.xml; path = Info.plist; sourceTree = "<group>"; };
		B14DB1461BE0685E00580B5E /* GDMainViewController.swift */ = {isa = PBXFileReference; fileEncoding = 4; lastKnownFileType = sourcecode.swift; path = GDMainViewController.swift; sourceTree = "<group>"; };
		B14DB1481BE0694200580B5E /* GDDiscoverViewController.swift */ = {isa = PBXFileReference; fileEncoding = 4; lastKnownFileType = sourcecode.swift; path = GDDiscoverViewController.swift; sourceTree = "<group>"; };
		B14DB14A1BE0695500580B5E /* GDHomeViewController.swift */ = {isa = PBXFileReference; fileEncoding = 4; lastKnownFileType = sourcecode.swift; path = GDHomeViewController.swift; sourceTree = "<group>"; };
		B14DB14C1BE0696F00580B5E /* GDMessageViewController.swift */ = {isa = PBXFileReference; fileEncoding = 4; lastKnownFileType = sourcecode.swift; path = GDMessageViewController.swift; sourceTree = "<group>"; };
		B14DB14E1BE0698700580B5E /* GDProfileViewController.swift */ = {isa = PBXFileReference; fileEncoding = 4; lastKnownFileType = sourcecode.swift; path = GDProfileViewController.swift; sourceTree = "<group>"; };
		B14DB1501BE07A7900580B5E /* GDMainTabBar.swift */ = {isa = PBXFileReference; fileEncoding = 4; lastKnownFileType = sourcecode.swift; name = GDMainTabBar.swift; path = ../../Discover/View/GDMainTabBar.swift; sourceTree = "<group>"; };
		B173D6731BE607DA00F4C135 /* GDWelcomeViewController.swift */ = {isa = PBXFileReference; fileEncoding = 4; lastKnownFileType = sourcecode.swift; path = GDWelcomeViewController.swift; sourceTree = "<group>"; };
		B1747E371BE924D50066EF5A /* UIBarButtonItem+Extension.swift */ = {isa = PBXFileReference; fileEncoding = 4; lastKnownFileType = sourcecode.swift; path = "UIBarButtonItem+Extension.swift"; sourceTree = "<group>"; };
		B1747E391BE92AC50066EF5A /* GDHomeTitleButton.swift */ = {isa = PBXFileReference; fileEncoding = 4; lastKnownFileType = sourcecode.swift; path = GDHomeTitleButton.swift; sourceTree = "<group>"; };
		B1747E3B1BE94E6B0066EF5A /* UIView+AutoLayout.swift */ = {isa = PBXFileReference; fileEncoding = 4; lastKnownFileType = sourcecode.swift; path = "UIView+AutoLayout.swift"; sourceTree = "<group>"; };
		B1747E3D1BE979FD0066EF5A /* GDStatus.swift */ = {isa = PBXFileReference; fileEncoding = 4; lastKnownFileType = sourcecode.swift; path = GDStatus.swift; sourceTree = "<group>"; };
		B1747E3F1BE9B7300066EF5A /* GDUser.swift */ = {isa = PBXFileReference; fileEncoding = 4; lastKnownFileType = sourcecode.swift; path = GDUser.swift; sourceTree = "<group>"; };
		B1747E411BE9C7970066EF5A /* GDStatusTopView.swift */ = {isa = PBXFileReference; fileEncoding = 4; lastKnownFileType = sourcecode.swift; path = GDStatusTopView.swift; sourceTree = "<group>"; };
		B1747E441BE9C8C10066EF5A /* GDStatusCell.swift */ = {isa = PBXFileReference; fileEncoding = 4; lastKnownFileType = sourcecode.swift; path = GDStatusCell.swift; sourceTree = "<group>"; };
		B1747E461BE9D28D0066EF5A /* UILabel+Extension.swift */ = {isa = PBXFileReference; fileEncoding = 4; lastKnownFileType = sourcecode.swift; path = "UILabel+Extension.swift"; sourceTree = "<group>"; };
		B17C016F1BEA6DA600F9E016 /* GDStatusPictureView.swift */ = {isa = PBXFileReference; fileEncoding = 4; lastKnownFileType = sourcecode.swift; path = GDStatusPictureView.swift; sourceTree = "<group>"; };
		B19A41861BED8BDD003238E2 /* GDComposeViewController.swift */ = {isa = PBXFileReference; fileEncoding = 4; lastKnownFileType = sourcecode.swift; name = GDComposeViewController.swift; path = ../GDComposeViewController.swift; sourceTree = "<group>"; };
		B1AAAB091BE3DB4A0080EF40 /* GDOauthViewController.swift */ = {isa = PBXFileReference; fileEncoding = 4; lastKnownFileType = sourcecode.swift; path = GDOauthViewController.swift; sourceTree = "<group>"; };
		B1AAAB0B1BE40A350080EF40 /* GDNetworkTools.swift */ = {isa = PBXFileReference; fileEncoding = 4; lastKnownFileType = sourcecode.swift; path = GDNetworkTools.swift; sourceTree = "<group>"; };
		B1CE09AA1BE0890E009A6687 /* GDBasicViewController.swift */ = {isa = PBXFileReference; fileEncoding = 4; lastKnownFileType = sourcecode.swift; path = GDBasicViewController.swift; sourceTree = "<group>"; };
		B1CE09AC1BE08B06009A6687 /* GDVisitorView.swift */ = {isa = PBXFileReference; fileEncoding = 4; lastKnownFileType = sourcecode.swift; path = GDVisitorView.swift; sourceTree = "<group>"; };
		B1E6D0AB1BEB436000DED026 /* GDStatusNormaCell.swift */ = {isa = PBXFileReference; fileEncoding = 4; lastKnownFileType = sourcecode.swift; path = GDStatusNormaCell.swift; sourceTree = "<group>"; };
		B1EA03341BE58E5500235F34 /* GDUserAccount.swift */ = {isa = PBXFileReference; fileEncoding = 4; lastKnownFileType = sourcecode.swift; path = GDUserAccount.swift; sourceTree = "<group>"; };
		B1EC344E1BEC513B00BED8DC /* statuses.json */ = {isa = PBXFileReference; fileEncoding = 4; lastKnownFileType = text.json; path = statuses.json; sourceTree = "<group>"; };
		B1EC34511BEC54EB00BED8DC /* GDRefreshControl.swift */ = {isa = PBXFileReference; fileEncoding = 4; lastKnownFileType = sourcecode.swift; path = GDRefreshControl.swift; sourceTree = "<group>"; };
		B1EC34531BEC551300BED8DC /* GDRefreshView.xib */ = {isa = PBXFileReference; fileEncoding = 4; lastKnownFileType = file.xib; path = GDRefreshView.xib; sourceTree = "<group>"; };
		B1F48E391BEA04F400DFE559 /* GDStatusBottomView.swift */ = {isa = PBXFileReference; fileEncoding = 4; lastKnownFileType = sourcecode.swift; path = GDStatusBottomView.swift; sourceTree = "<group>"; };
		B1F48E3B1BEA061B00DFE559 /* UIButton+Extension.swift */ = {isa = PBXFileReference; fileEncoding = 4; lastKnownFileType = sourcecode.swift; path = "UIButton+Extension.swift"; sourceTree = "<group>"; };
		B1F983801BEDD46500888062 /* GDPlaceHolderTextView.swift */ = {isa = PBXFileReference; fileEncoding = 4; lastKnownFileType = sourcecode.swift; path = GDPlaceHolderTextView.swift; sourceTree = "<group>"; };
		B1F9C98A1BE66171000AC1E4 /* GDNewFeatureViewController.swift */ = {isa = PBXFileReference; fileEncoding = 4; lastKnownFileType = sourcecode.swift; name = GDNewFeatureViewController.swift; path = ../../Model/GDNewFeatureViewController.swift; sourceTree = "<group>"; };
		C547E420F515CF5DFAD5C9F0 /* Pods.release.xcconfig */ = {isa = PBXFileReference; includeInIndex = 1; lastKnownFileType = text.xcconfig; name = Pods.release.xcconfig; path = "Pods/Target Support Files/Pods/Pods.release.xcconfig"; sourceTree = "<group>"; };
/* End PBXFileReference section */

/* Begin PBXFrameworksBuildPhase section */
		B14DB1141BE0312700580B5E /* Frameworks */ = {
			isa = PBXFrameworksBuildPhase;
			buildActionMask = 2147483647;
			files = (
				93927C444DC4DB3C76DC00E1 /* Pods.framework in Frameworks */,
			);
			runOnlyForDeploymentPostprocessing = 0;
		};
/* End PBXFrameworksBuildPhase section */

/* Begin PBXGroup section */
		A615228D4ECD35FF6D0E9180 /* Pods */ = {
			isa = PBXGroup;
			children = (
				30C0BB565F65916E22C50C8E /* Pods.debug.xcconfig */,
				C547E420F515CF5DFAD5C9F0 /* Pods.release.xcconfig */,
			);
			name = Pods;
			sourceTree = "<group>";
		};
		B14DB10E1BE0312700580B5E = {
			isa = PBXGroup;
			children = (
				B14DB1191BE0312700580B5E /* GDWeibo */,
				B14DB1181BE0312700580B5E /* Products */,
				A615228D4ECD35FF6D0E9180 /* Pods */,
				D8823F18A5CF6C3AEDB84714 /* Frameworks */,
			);
			sourceTree = "<group>";
		};
		B14DB1181BE0312700580B5E /* Products */ = {
			isa = PBXGroup;
			children = (
				B14DB1171BE0312700580B5E /* GDWeibo.app */,
			);
			name = Products;
			sourceTree = "<group>";
		};
		B14DB1191BE0312700580B5E /* GDWeibo */ = {
			isa = PBXGroup;
			children = (
				B14DB11A1BE0312700580B5E /* AppDelegate.swift */,
				B14DB12C1BE0653800580B5E /* Class */,
				B14DB1211BE0312700580B5E /* Assets.xcassets */,
				B14DB1261BE0312700580B5E /* Info.plist */,
				B1EC344E1BEC513B00BED8DC /* statuses.json */,
			);
			path = GDWeibo;
			sourceTree = "<group>";
		};
		B14DB12C1BE0653800580B5E /* Class */ = {
			isa = PBXGroup;
			children = (
				B14DB12D1BE0653800580B5E /* Extension(延展) */,
				B14DB12E1BE0653800580B5E /* Library(第三方库) */,
				B14DB12F1BE0653800580B5E /* Model(全局模型) */,
				B14DB1301BE0653800580B5E /* Module(模块) */,
				B14DB1451BE0653800580B5E /* ToolI(工具) */,
			);
			path = Class;
			sourceTree = "<group>";
		};
		B14DB12D1BE0653800580B5E /* Extension(延展) */ = {
			isa = PBXGroup;
			children = (
				B1747E371BE924D50066EF5A /* UIBarButtonItem+Extension.swift */,
				B1747E461BE9D28D0066EF5A /* UILabel+Extension.swift */,
				B1F48E3B1BEA061B00DFE559 /* UIButton+Extension.swift */,
			);
			name = "Extension(延展)";
			path = Extension;
			sourceTree = "<group>";
		};
		B14DB12E1BE0653800580B5E /* Library(第三方库) */ = {
			isa = PBXGroup;
			children = (
				B1747E3B1BE94E6B0066EF5A /* UIView+AutoLayout.swift */,
			);
			name = "Library(第三方库)";
			path = Library;
			sourceTree = "<group>";
		};
		B14DB12F1BE0653800580B5E /* Model(全局模型) */ = {
			isa = PBXGroup;
			children = (
				B1EA03341BE58E5500235F34 /* GDUserAccount.swift */,
				B1747E3D1BE979FD0066EF5A /* GDStatus.swift */,
				B1747E3F1BE9B7300066EF5A /* GDUser.swift */,
			);
			name = "Model(全局模型)";
			path = Model;
			sourceTree = "<group>";
		};
		B14DB1301BE0653800580B5E /* Module(模块) */ = {
			isa = PBXGroup;
			children = (
				B19A41851BED8BAB003238E2 /* Compose */,
				B173D6701BE6075D00F4C135 /* NewFeature(新特性) */,
				B1AAAB081BE3DB1D0080EF40 /* Oauth(授权) */,
				B14DB1391BE0653800580B5E /* Main(主要的) */,
				B14DB1311BE0653800580B5E /* Discover(发现) */,
				B14DB1351BE0653800580B5E /* Home(首页) */,
				B14DB13D1BE0653800580B5E /* Message(消息) */,
				B14DB1411BE0653800580B5E /* Profile(我) */,
			);
			name = "Module(模块)";
			path = Module;
			sourceTree = "<group>";
		};
		B14DB1311BE0653800580B5E /* Discover(发现) */ = {
			isa = PBXGroup;
			children = (
				B14DB1321BE0653800580B5E /* Controller */,
				B14DB1331BE0653800580B5E /* Model */,
				B14DB1341BE0653800580B5E /* View */,
			);
			name = "Discover(发现)";
			path = Discover;
			sourceTree = "<group>";
		};
		B14DB1321BE0653800580B5E /* Controller */ = {
			isa = PBXGroup;
			children = (
				B14DB1481BE0694200580B5E /* GDDiscoverViewController.swift */,
			);
			path = Controller;
			sourceTree = "<group>";
		};
		B14DB1331BE0653800580B5E /* Model */ = {
			isa = PBXGroup;
			children = (
			);
			path = Model;
			sourceTree = "<group>";
		};
		B14DB1341BE0653800580B5E /* View */ = {
			isa = PBXGroup;
			children = (
			);
			path = View;
			sourceTree = "<group>";
		};
		B14DB1351BE0653800580B5E /* Home(首页) */ = {
			isa = PBXGroup;
			children = (
				B14DB1361BE0653800580B5E /* Controller */,
				B14DB1371BE0653800580B5E /* Model */,
				B14DB1381BE0653800580B5E /* View */,
			);
			name = "Home(首页)";
			path = Home;
			sourceTree = "<group>";
		};
		B14DB1361BE0653800580B5E /* Controller */ = {
			isa = PBXGroup;
			children = (
				B14DB14A1BE0695500580B5E /* GDHomeViewController.swift */,
			);
			path = Controller;
			sourceTree = "<group>";
		};
		B14DB1371BE0653800580B5E /* Model */ = {
			isa = PBXGroup;
			children = (
			);
			path = Model;
			sourceTree = "<group>";
		};
		B14DB1381BE0653800580B5E /* View */ = {
			isa = PBXGroup;
			children = (
				B1EC34501BEC54C000BED8DC /* RefreshControl */,
				B1747E431BE9C79E0066EF5A /* Cell */,
				B1747E391BE92AC50066EF5A /* GDHomeTitleButton.swift */,
			);
			path = View;
			sourceTree = "<group>";
		};
		B14DB1391BE0653800580B5E /* Main(主要的) */ = {
			isa = PBXGroup;
			children = (
				B14DB13A1BE0653800580B5E /* Controller */,
				B14DB13B1BE0653800580B5E /* Model */,
				B14DB13C1BE0653800580B5E /* View */,
			);
			name = "Main(主要的)";
			path = Main;
			sourceTree = "<group>";
		};
		B14DB13A1BE0653800580B5E /* Controller */ = {
			isa = PBXGroup;
			children = (
				B14DB1461BE0685E00580B5E /* GDMainViewController.swift */,
				B1CE09AA1BE0890E009A6687 /* GDBasicViewController.swift */,
			);
			path = Controller;
			sourceTree = "<group>";
		};
		B14DB13B1BE0653800580B5E /* Model */ = {
			isa = PBXGroup;
			children = (
			);
			path = Model;
			sourceTree = "<group>";
		};
		B14DB13C1BE0653800580B5E /* View */ = {
			isa = PBXGroup;
			children = (
				B14DB1501BE07A7900580B5E /* GDMainTabBar.swift */,
				B1CE09AC1BE08B06009A6687 /* GDVisitorView.swift */,
			);
			path = View;
			sourceTree = "<group>";
		};
		B14DB13D1BE0653800580B5E /* Message(消息) */ = {
			isa = PBXGroup;
			children = (
				B14DB13E1BE0653800580B5E /* Controller */,
				B14DB13F1BE0653800580B5E /* Model */,
				B14DB1401BE0653800580B5E /* View */,
			);
			name = "Message(消息)";
			path = Message;
			sourceTree = "<group>";
		};
		B14DB13E1BE0653800580B5E /* Controller */ = {
			isa = PBXGroup;
			children = (
				B14DB14C1BE0696F00580B5E /* GDMessageViewController.swift */,
			);
			path = Controller;
			sourceTree = "<group>";
		};
		B14DB13F1BE0653800580B5E /* Model */ = {
			isa = PBXGroup;
			children = (
			);
			path = Model;
			sourceTree = "<group>";
		};
		B14DB1401BE0653800580B5E /* View */ = {
			isa = PBXGroup;
			children = (
			);
			path = View;
			sourceTree = "<group>";
		};
		B14DB1411BE0653800580B5E /* Profile(我) */ = {
			isa = PBXGroup;
			children = (
				B14DB1421BE0653800580B5E /* Controller */,
				B14DB1431BE0653800580B5E /* Model */,
				B14DB1441BE0653800580B5E /* View */,
			);
			name = "Profile(我)";
			path = Profile;
			sourceTree = "<group>";
		};
		B14DB1421BE0653800580B5E /* Controller */ = {
			isa = PBXGroup;
			children = (
				B14DB14E1BE0698700580B5E /* GDProfileViewController.swift */,
			);
			path = Controller;
			sourceTree = "<group>";
		};
		B14DB1431BE0653800580B5E /* Model */ = {
			isa = PBXGroup;
			children = (
			);
			path = Model;
			sourceTree = "<group>";
		};
		B14DB1441BE0653800580B5E /* View */ = {
			isa = PBXGroup;
			children = (
			);
			path = View;
			sourceTree = "<group>";
		};
		B14DB1451BE0653800580B5E /* ToolI(工具) */ = {
			isa = PBXGroup;
			children = (
				B1AAAB0B1BE40A350080EF40 /* GDNetworkTools.swift */,
			);
			name = "ToolI(工具)";
			path = Tool;
			sourceTree = "<group>";
		};
		B173D6701BE6075D00F4C135 /* NewFeature(新特性) */ = {
			isa = PBXGroup;
			children = (
				B173D6721BE607A200F4C135 /* Controller */,
			);
			name = "NewFeature(新特性)";
			path = NewFeature;
			sourceTree = "<group>";
		};
		B173D6711BE6079400F4C135 /* Controller */ = {
			isa = PBXGroup;
			children = (
				B1AAAB091BE3DB4A0080EF40 /* GDOauthViewController.swift */,
			);
			name = Controller;
			sourceTree = "<group>";
		};
		B173D6721BE607A200F4C135 /* Controller */ = {
			isa = PBXGroup;
			children = (
				B1F9C98A1BE66171000AC1E4 /* GDNewFeatureViewController.swift */,
				B173D6731BE607DA00F4C135 /* GDWelcomeViewController.swift */,
			);
			name = Controller;
			sourceTree = "<group>";
		};
		B1747E431BE9C79E0066EF5A /* Cell */ = {
			isa = PBXGroup;
			children = (
				B1747E441BE9C8C10066EF5A /* GDStatusCell.swift */,
				B1E6D0AB1BEB436000DED026 /* GDStatusNormaCell.swift */,
				B13E63911BEB2CF40002A13B /* GDStatusForwardCell.swift */,
				B1747E411BE9C7970066EF5A /* GDStatusTopView.swift */,
				B1F48E391BEA04F400DFE559 /* GDStatusBottomView.swift */,
				B17C016F1BEA6DA600F9E016 /* GDStatusPictureView.swift */,
			);
			name = Cell;
			sourceTree = "<group>";
		};
		B19A41851BED8BAB003238E2 /* Compose */ = {
			isa = PBXGroup;
			children = (
				B19A41881BED9173003238E2 /* Controller */,
				B19A41891BED9173003238E2 /* Model */,
				B19A418A1BED9173003238E2 /* View */,
			);
			path = Compose;
			sourceTree = "<group>";
		};
		B19A41881BED9173003238E2 /* Controller */ = {
			isa = PBXGroup;
			children = (
				B19A41861BED8BDD003238E2 /* GDComposeViewController.swift */,
			);
			path = Controller;
			sourceTree = "<group>";
		};
		B19A41891BED9173003238E2 /* Model */ = {
			isa = PBXGroup;
			children = (
			);
			path = Model;
			sourceTree = "<group>";
		};
		B19A418A1BED9173003238E2 /* View */ = {
			isa = PBXGroup;
			children = (
				B1F983801BEDD46500888062 /* GDPlaceHolderTextView.swift */,
			);
			path = View;
			sourceTree = "<group>";
		};
		B1AAAB081BE3DB1D0080EF40 /* Oauth(授权) */ = {
			isa = PBXGroup;
			children = (
				B173D6711BE6079400F4C135 /* Controller */,
			);
			name = "Oauth(授权)";
			path = Oauth;
			sourceTree = "<group>";
		};
		B1EC34501BEC54C000BED8DC /* RefreshControl */ = {
			isa = PBXGroup;
			children = (
				B1EC34511BEC54EB00BED8DC /* GDRefreshControl.swift */,
				B1EC34531BEC551300BED8DC /* GDRefreshView.xib */,
			);
			path = RefreshControl;
			sourceTree = "<group>";
		};
		D8823F18A5CF6C3AEDB84714 /* Frameworks */ = {
			isa = PBXGroup;
			children = (
				A08E62EC16050431421622D9 /* Pods.framework */,
			);
			name = Frameworks;
			sourceTree = "<group>";
		};
/* End PBXGroup section */

/* Begin PBXNativeTarget section */
		B14DB1161BE0312700580B5E /* GDWeibo */ = {
			isa = PBXNativeTarget;
			buildConfigurationList = B14DB1291BE0312700580B5E /* Build configuration list for PBXNativeTarget "GDWeibo" */;
			buildPhases = (
				4BED78D4650923F0B2B59E0B /* Check Pods Manifest.lock */,
				B14DB1131BE0312700580B5E /* Sources */,
				B14DB1141BE0312700580B5E /* Frameworks */,
				B14DB1151BE0312700580B5E /* Resources */,
				8F37660ADEBB6BAEF5B7DE3F /* Embed Pods Frameworks */,
				F3993E11D8C5C906D84085C0 /* Copy Pods Resources */,
			);
			buildRules = (
			);
			dependencies = (
			);
			name = GDWeibo;
			productName = GDWeibo;
			productReference = B14DB1171BE0312700580B5E /* GDWeibo.app */;
			productType = "com.apple.product-type.application";
		};
/* End PBXNativeTarget section */

/* Begin PBXProject section */
		B14DB10F1BE0312700580B5E /* Project object */ = {
			isa = PBXProject;
			attributes = {
				LastUpgradeCheck = 0700;
				ORGANIZATIONNAME = geng;
				TargetAttributes = {
					B14DB1161BE0312700580B5E = {
						CreatedOnToolsVersion = 7.0;
					};
				};
			};
			buildConfigurationList = B14DB1121BE0312700580B5E /* Build configuration list for PBXProject "GDWeibo" */;
			compatibilityVersion = "Xcode 3.2";
			developmentRegion = English;
			hasScannedForEncodings = 0;
			knownRegions = (
				en,
				Base,
			);
			mainGroup = B14DB10E1BE0312700580B5E;
			productRefGroup = B14DB1181BE0312700580B5E /* Products */;
			projectDirPath = "";
			projectRoot = "";
			targets = (
				B14DB1161BE0312700580B5E /* GDWeibo */,
			);
		};
/* End PBXProject section */

/* Begin PBXResourcesBuildPhase section */
		B14DB1151BE0312700580B5E /* Resources */ = {
			isa = PBXResourcesBuildPhase;
			buildActionMask = 2147483647;
			files = (
				B14DB1221BE0312700580B5E /* Assets.xcassets in Resources */,
				B1EC344F1BEC513B00BED8DC /* statuses.json in Resources */,
				B1EC34541BEC551300BED8DC /* GDRefreshView.xib in Resources */,
			);
			runOnlyForDeploymentPostprocessing = 0;
		};
/* End PBXResourcesBuildPhase section */

/* Begin PBXShellScriptBuildPhase section */
		4BED78D4650923F0B2B59E0B /* Check Pods Manifest.lock */ = {
			isa = PBXShellScriptBuildPhase;
			buildActionMask = 2147483647;
			files = (
			);
			inputPaths = (
			);
			name = "Check Pods Manifest.lock";
			outputPaths = (
			);
			runOnlyForDeploymentPostprocessing = 0;
			shellPath = /bin/sh;
			shellScript = "diff \"${PODS_ROOT}/../Podfile.lock\" \"${PODS_ROOT}/Manifest.lock\" > /dev/null\nif [[ $? != 0 ]] ; then\n    cat << EOM\nerror: The sandbox is not in sync with the Podfile.lock. Run 'pod install' or update your CocoaPods installation.\nEOM\n    exit 1\nfi\n";
			showEnvVarsInLog = 0;
		};
		8F37660ADEBB6BAEF5B7DE3F /* Embed Pods Frameworks */ = {
			isa = PBXShellScriptBuildPhase;
			buildActionMask = 2147483647;
			files = (
			);
			inputPaths = (
			);
			name = "Embed Pods Frameworks";
			outputPaths = (
			);
			runOnlyForDeploymentPostprocessing = 0;
			shellPath = /bin/sh;
			shellScript = "\"${SRCROOT}/Pods/Target Support Files/Pods/Pods-frameworks.sh\"\n";
			showEnvVarsInLog = 0;
		};
		F3993E11D8C5C906D84085C0 /* Copy Pods Resources */ = {
			isa = PBXShellScriptBuildPhase;
			buildActionMask = 2147483647;
			files = (
			);
			inputPaths = (
			);
			name = "Copy Pods Resources";
			outputPaths = (
			);
			runOnlyForDeploymentPostprocessing = 0;
			shellPath = /bin/sh;
			shellScript = "\"${SRCROOT}/Pods/Target Support Files/Pods/Pods-resources.sh\"\n";
			showEnvVarsInLog = 0;
		};
/* End PBXShellScriptBuildPhase section */

/* Begin PBXSourcesBuildPhase section */
		B14DB1131BE0312700580B5E /* Sources */ = {
			isa = PBXSourcesBuildPhase;
			buildActionMask = 2147483647;
			files = (
				B1EC34521BEC54EB00BED8DC /* GDRefreshControl.swift in Sources */,
				B17C01701BEA6DA600F9E016 /* GDStatusPictureView.swift in Sources */,
				B1F983811BEDD46500888062 /* GDPlaceHolderTextView.swift in Sources */,
				B1747E471BE9D28D0066EF5A /* UILabel+Extension.swift in Sources */,
				B14DB1511BE07A7900580B5E /* GDMainTabBar.swift in Sources */,
				B1747E3C1BE94E6B0066EF5A /* UIView+AutoLayout.swift in Sources */,
				B1AAAB0C1BE40A350080EF40 /* GDNetworkTools.swift in Sources */,
				B14DB14D1BE0696F00580B5E /* GDMessageViewController.swift in Sources */,
				B1F48E3C1BEA061B00DFE559 /* UIButton+Extension.swift in Sources */,
				B173D6741BE607DA00F4C135 /* GDWelcomeViewController.swift in Sources */,
				B1747E3A1BE92AC50066EF5A /* GDHomeTitleButton.swift in Sources */,
				B1CE09AD1BE08B06009A6687 /* GDVisitorView.swift in Sources */,
				B19A41871BED8BDD003238E2 /* GDComposeViewController.swift in Sources */,
				B1747E451BE9C8C10066EF5A /* GDStatusCell.swift in Sources */,
				B1CE09AB1BE0890E009A6687 /* GDBasicViewController.swift in Sources */,
				B13E63921BEB2CF40002A13B /* GDStatusForwardCell.swift in Sources */,
				B1747E3E1BE979FD0066EF5A /* GDStatus.swift in Sources */,
				B1747E421BE9C7970066EF5A /* GDStatusTopView.swift in Sources */,
				B1747E401BE9B7300066EF5A /* GDUser.swift in Sources */,
				B1EA03351BE58E5500235F34 /* GDUserAccount.swift in Sources */,
				B1E6D0AC1BEB436000DED026 /* GDStatusNormaCell.swift in Sources */,
				B1747E381BE924D50066EF5A /* UIBarButtonItem+Extension.swift in Sources */,
				B1F48E3A1BEA04F400DFE559 /* GDStatusBottomView.swift in Sources */,
				B14DB14F1BE0698700580B5E /* GDProfileViewController.swift in Sources */,
				B14DB14B1BE0695500580B5E /* GDHomeViewController.swift in Sources */,
				B14DB1471BE0685E00580B5E /* GDMainViewController.swift in Sources */,
				B1AAAB0A1BE3DB4A0080EF40 /* GDOauthViewController.swift in Sources */,
				B14DB11B1BE0312700580B5E /* AppDelegate.swift in Sources */,
				B1F9C98B1BE66171000AC1E4 /* GDNewFeatureViewController.swift in Sources */,
				B14DB1491BE0694200580B5E /* GDDiscoverViewController.swift in Sources */,
			);
			runOnlyForDeploymentPostprocessing = 0;
		};
/* End PBXSourcesBuildPhase section */

/* Begin XCBuildConfiguration section */
		B14DB1271BE0312700580B5E /* Debug */ = {
			isa = XCBuildConfiguration;
			buildSettings = {
				ALWAYS_SEARCH_USER_PATHS = NO;
				CLANG_CXX_LANGUAGE_STANDARD = "gnu++0x";
				CLANG_CXX_LIBRARY = "libc++";
				CLANG_ENABLE_MODULES = YES;
				CLANG_ENABLE_OBJC_ARC = YES;
				CLANG_WARN_BOOL_CONVERSION = YES;
				CLANG_WARN_CONSTANT_CONVERSION = YES;
				CLANG_WARN_DIRECT_OBJC_ISA_USAGE = YES_ERROR;
				CLANG_WARN_EMPTY_BODY = YES;
				CLANG_WARN_ENUM_CONVERSION = YES;
				CLANG_WARN_INT_CONVERSION = YES;
				CLANG_WARN_OBJC_ROOT_CLASS = YES_ERROR;
				CLANG_WARN_UNREACHABLE_CODE = YES;
				CLANG_WARN__DUPLICATE_METHOD_MATCH = YES;
				"CODE_SIGN_IDENTITY[sdk=iphoneos*]" = "iPhone Developer";
				COPY_PHASE_STRIP = NO;
				DEBUG_INFORMATION_FORMAT = dwarf;
				ENABLE_STRICT_OBJC_MSGSEND = YES;
				ENABLE_TESTABILITY = YES;
				GCC_C_LANGUAGE_STANDARD = gnu99;
				GCC_DYNAMIC_NO_PIC = NO;
				GCC_NO_COMMON_BLOCKS = YES;
				GCC_OPTIMIZATION_LEVEL = 0;
				GCC_PREPROCESSOR_DEFINITIONS = (
					"DEBUG=1",
					"$(inherited)",
				);
				GCC_WARN_64_TO_32_BIT_CONVERSION = YES;
				GCC_WARN_ABOUT_RETURN_TYPE = YES_ERROR;
				GCC_WARN_UNDECLARED_SELECTOR = YES;
				GCC_WARN_UNINITIALIZED_AUTOS = YES_AGGRESSIVE;
				GCC_WARN_UNUSED_FUNCTION = YES;
				GCC_WARN_UNUSED_VARIABLE = YES;
				IPHONEOS_DEPLOYMENT_TARGET = 9.0;
				MTL_ENABLE_DEBUG_INFO = YES;
				ONLY_ACTIVE_ARCH = YES;
				SDKROOT = iphoneos;
				SWIFT_OPTIMIZATION_LEVEL = "-Onone";
			};
			name = Debug;
		};
		B14DB1281BE0312700580B5E /* Release */ = {
			isa = XCBuildConfiguration;
			buildSettings = {
				ALWAYS_SEARCH_USER_PATHS = NO;
				CLANG_CXX_LANGUAGE_STANDARD = "gnu++0x";
				CLANG_CXX_LIBRARY = "libc++";
				CLANG_ENABLE_MODULES = YES;
				CLANG_ENABLE_OBJC_ARC = YES;
				CLANG_WARN_BOOL_CONVERSION = YES;
				CLANG_WARN_CONSTANT_CONVERSION = YES;
				CLANG_WARN_DIRECT_OBJC_ISA_USAGE = YES_ERROR;
				CLANG_WARN_EMPTY_BODY = YES;
				CLANG_WARN_ENUM_CONVERSION = YES;
				CLANG_WARN_INT_CONVERSION = YES;
				CLANG_WARN_OBJC_ROOT_CLASS = YES_ERROR;
				CLANG_WARN_UNREACHABLE_CODE = YES;
				CLANG_WARN__DUPLICATE_METHOD_MATCH = YES;
				"CODE_SIGN_IDENTITY[sdk=iphoneos*]" = "iPhone Developer";
				COPY_PHASE_STRIP = NO;
				DEBUG_INFORMATION_FORMAT = "dwarf-with-dsym";
				ENABLE_NS_ASSERTIONS = NO;
				ENABLE_STRICT_OBJC_MSGSEND = YES;
				GCC_C_LANGUAGE_STANDARD = gnu99;
				GCC_NO_COMMON_BLOCKS = YES;
				GCC_WARN_64_TO_32_BIT_CONVERSION = YES;
				GCC_WARN_ABOUT_RETURN_TYPE = YES_ERROR;
				GCC_WARN_UNDECLARED_SELECTOR = YES;
				GCC_WARN_UNINITIALIZED_AUTOS = YES_AGGRESSIVE;
				GCC_WARN_UNUSED_FUNCTION = YES;
				GCC_WARN_UNUSED_VARIABLE = YES;
				IPHONEOS_DEPLOYMENT_TARGET = 9.0;
				MTL_ENABLE_DEBUG_INFO = NO;
				SDKROOT = iphoneos;
				VALIDATE_PRODUCT = YES;
			};
			name = Release;
		};
		B14DB12A1BE0312700580B5E /* Debug */ = {
			isa = XCBuildConfiguration;
			baseConfigurationReference = 30C0BB565F65916E22C50C8E /* Pods.debug.xcconfig */;
			buildSettings = {
				ASSETCATALOG_COMPILER_APPICON_NAME = AppIcon;
				ASSETCATALOG_COMPILER_LAUNCHIMAGE_NAME = BrandAsset;
				CODE_SIGN_IDENTITY = "iPhone Developer";
				INFOPLIST_FILE = GDWeibo/Info.plist;
				IPHONEOS_DEPLOYMENT_TARGET = 8.0;
				LD_RUNPATH_SEARCH_PATHS = "$(inherited) @executable_path/Frameworks";
				PRODUCT_BUNDLE_IDENTIFIER = "GD-geng.GDWeibo";
				PRODUCT_NAME = "$(TARGET_NAME)";
			};
			name = Debug;
		};
		B14DB12B1BE0312700580B5E /* Release */ = {
			isa = XCBuildConfiguration;
			baseConfigurationReference = C547E420F515CF5DFAD5C9F0 /* Pods.release.xcconfig */;
			buildSettings = {
				ASSETCATALOG_COMPILER_APPICON_NAME = AppIcon;
				ASSETCATALOG_COMPILER_LAUNCHIMAGE_NAME = BrandAsset;
				CODE_SIGN_IDENTITY = "iPhone Developer";
				INFOPLIST_FILE = GDWeibo/Info.plist;
				IPHONEOS_DEPLOYMENT_TARGET = 8.0;
				LD_RUNPATH_SEARCH_PATHS = "$(inherited) @executable_path/Frameworks";
				PRODUCT_BUNDLE_IDENTIFIER = "GD-geng.GDWeibo";
				PRODUCT_NAME = "$(TARGET_NAME)";
			};
			name = Release;
		};
/* End XCBuildConfiguration section */

/* Begin XCConfigurationList section */
		B14DB1121BE0312700580B5E /* Build configuration list for PBXProject "GDWeibo" */ = {
			isa = XCConfigurationList;
			buildConfigurations = (
				B14DB1271BE0312700580B5E /* Debug */,
				B14DB1281BE0312700580B5E /* Release */,
			);
			defaultConfigurationIsVisible = 0;
			defaultConfigurationName = Release;
		};
		B14DB1291BE0312700580B5E /* Build configuration list for PBXNativeTarget "GDWeibo" */ = {
			isa = XCConfigurationList;
			buildConfigurations = (
				B14DB12A1BE0312700580B5E /* Debug */,
				B14DB12B1BE0312700580B5E /* Release */,
			);
			defaultConfigurationIsVisible = 0;
			defaultConfigurationName = Release;
		};
/* End XCConfigurationList section */
	};
	rootObject = B14DB10F1BE0312700580B5E /* Project object */;
}
